
Microsoft Visual Studio Solution File, Format Version 12.00
# Visual Studio Version 17
VisualStudioVersion = 17.1.32319.34
MinimumVisualStudioVersion = 10.0.40219.1
Project("{FAE04EC0-301F-11D3-BF4B-00C04F79EFBC}") = "CursoCSharp", "CursoCSharp\CursoCSharp.csproj", "{6603C1A9-813C-4CB5-A056-53142E868E7B}"
EndProject
Project("{FAE04EC0-301F-11D3-BF4B-00C04F79EFBC}") = "DesafioString1", "DesafioString1\DesafioString1.csproj", "{23FF1451-91A2-410B-A150-86C099288F38}"
EndProject
Global
	GlobalSection(SolutionConfigurationPlatforms) = preSolution
		Debug|Any CPU = Debug|Any CPU
		Release|Any CPU = Release|Any CPU
	EndGlobalSection
	GlobalSection(ProjectConfigurationPlatforms) = postSolution
		{6603C1A9-813C-4CB5-A056-53142E868E7B}.Debug|Any CPU.ActiveCfg = Debug|Any CPU
		{6603C1A9-813C-4CB5-A056-53142E868E7B}.Debug|Any CPU.Build.0 = Debug|Any CPU
		{6603C1A9-813C-4CB5-A056-53142E868E7B}.Release|Any CPU.ActiveCfg = Release|Any CPU
		{6603C1A9-813C-4CB5-A056-53142E868E7B}.Release|Any CPU.Build.0 = Release|Any CPU
		{23FF1451-91A2-410B-A150-86C099288F38}.Debug|Any CPU.ActiveCfg = Debug|Any CPU
		{23FF1451-91A2-410B-A150-86C099288F38}.Debug|Any CPU.Build.0 = Debug|Any CPU
		{23FF1451-91A2-410B-A150-86C099288F38}.Release|Any CPU.ActiveCfg = Release|Any CPU
		{23FF1451-91A2-410B-A150-86C099288F38}.Release|Any CPU.Build.0 = Release|Any CPU
	EndGlobalSection
	GlobalSection(SolutionProperties) = preSolution
		HideSolutionNode = FALSE
	EndGlobalSection
	GlobalSection(ExtensibilityGlobals) = postSolution
		SolutionGuid = {645907D3-F7EC-471B-8940-5CA438299B94}
	EndGlobalSection
EndGlobal
